// !$*UTF8*$!
{
	archiveVersion = 1;
	classes = {
	};
	objectVersion = 56;
	objects = {

/* Begin PBXBuildFile section */
		4CC8F39729C0D23D00A3E230 /* AppDelegate.swift in Sources */ = {isa = PBXBuildFile; fileRef = 4CC8F39629C0D23D00A3E230 /* AppDelegate.swift */; };
		4CC8F39929C0D23D00A3E230 /* SceneDelegate.swift in Sources */ = {isa = PBXBuildFile; fileRef = 4CC8F39829C0D23D00A3E230 /* SceneDelegate.swift */; };
		4CC8F39B29C0D23D00A3E230 /* ViewController.swift in Sources */ = {isa = PBXBuildFile; fileRef = 4CC8F39A29C0D23D00A3E230 /* ViewController.swift */; };
		4CC8F39E29C0D23D00A3E230 /* Main.storyboard in Resources */ = {isa = PBXBuildFile; fileRef = 4CC8F39C29C0D23D00A3E230 /* Main.storyboard */; };
		4CC8F3A029C0D24000A3E230 /* Assets.xcassets in Resources */ = {isa = PBXBuildFile; fileRef = 4CC8F39F29C0D24000A3E230 /* Assets.xcassets */; };
		4CC8F3A329C0D24000A3E230 /* LaunchScreen.storyboard in Resources */ = {isa = PBXBuildFile; fileRef = 4CC8F3A129C0D24000A3E230 /* LaunchScreen.storyboard */; };
		4CC8F3AE29C0D24000A3E230 /* ________Tests.swift in Sources */ = {isa = PBXBuildFile; fileRef = 4CC8F3AD29C0D24000A3E230 /* ________Tests.swift */; };
		4CC8F3B829C0D24000A3E230 /* ________UITests.swift in Sources */ = {isa = PBXBuildFile; fileRef = 4CC8F3B729C0D24000A3E230 /* ________UITests.swift */; };
		4CC8F3BA29C0D24000A3E230 /* ________UITestsLaunchTests.swift in Sources */ = {isa = PBXBuildFile; fileRef = 4CC8F3B929C0D24000A3E230 /* ________UITestsLaunchTests.swift */; };
/* End PBXBuildFile section */

/* Begin PBXContainerItemProxy section */
		4CC8F3AA29C0D24000A3E230 /* PBXContainerItemProxy */ = {
			isa = PBXContainerItemProxy;
			containerPortal = 4CC8F38B29C0D23D00A3E230 /* Project object */;
			proxyType = 1;
			remoteGlobalIDString = 4CC8F39229C0D23D00A3E230;
			remoteInfo = "2 кнопки";
		};
		4CC8F3B429C0D24000A3E230 /* PBXContainerItemProxy */ = {
			isa = PBXContainerItemProxy;
			containerPortal = 4CC8F38B29C0D23D00A3E230 /* Project object */;
			proxyType = 1;
			remoteGlobalIDString = 4CC8F39229C0D23D00A3E230;
			remoteInfo = "2 кнопки";
		};
/* End PBXContainerItemProxy section */

/* Begin PBXFileReference section */
		4CC8F39329C0D23D00A3E230 /* 2 кнопки.app */ = {isa = PBXFileReference; explicitFileType = wrapper.application; includeInIndex = 0; path = "2 кнопки.app"; sourceTree = BUILT_PRODUCTS_DIR; };
		4CC8F39629C0D23D00A3E230 /* AppDelegate.swift */ = {isa = PBXFileReference; lastKnownFileType = sourcecode.swift; path = AppDelegate.swift; sourceTree = "<group>"; };
		4CC8F39829C0D23D00A3E230 /* SceneDelegate.swift */ = {isa = PBXFileReference; lastKnownFileType = sourcecode.swift; path = SceneDelegate.swift; sourceTree = "<group>"; };
		4CC8F39A29C0D23D00A3E230 /* ViewController.swift */ = {isa = PBXFileReference; lastKnownFileType = sourcecode.swift; path = ViewController.swift; sourceTree = "<group>"; };
		4CC8F39D29C0D23D00A3E230 /* Base */ = {isa = PBXFileReference; lastKnownFileType = file.storyboard; name = Base; path = Base.lproj/Main.storyboard; sourceTree = "<group>"; };
		4CC8F39F29C0D24000A3E230 /* Assets.xcassets */ = {isa = PBXFileReference; lastKnownFileType = folder.assetcatalog; path = Assets.xcassets; sourceTree = "<group>"; };
		4CC8F3A229C0D24000A3E230 /* Base */ = {isa = PBXFileReference; lastKnownFileType = file.storyboard; name = Base; path = Base.lproj/LaunchScreen.storyboard; sourceTree = "<group>"; };
		4CC8F3A429C0D24000A3E230 /* Info.plist */ = {isa = PBXFileReference; lastKnownFileType = text.plist.xml; path = Info.plist; sourceTree = "<group>"; };
		4CC8F3A929C0D24000A3E230 /* 2 кнопкиTests.xctest */ = {isa = PBXFileReference; explicitFileType = wrapper.cfbundle; includeInIndex = 0; path = "2 кнопкиTests.xctest"; sourceTree = BUILT_PRODUCTS_DIR; };
		4CC8F3AD29C0D24000A3E230 /* ________Tests.swift */ = {isa = PBXFileReference; lastKnownFileType = sourcecode.swift; path = "________Tests.swift"; sourceTree = "<group>"; };
		4CC8F3B329C0D24000A3E230 /* 2 кнопкиUITests.xctest */ = {isa = PBXFileReference; explicitFileType = wrapper.cfbundle; includeInIndex = 0; path = "2 кнопкиUITests.xctest"; sourceTree = BUILT_PRODUCTS_DIR; };
		4CC8F3B729C0D24000A3E230 /* ________UITests.swift */ = {isa = PBXFileReference; lastKnownFileType = sourcecode.swift; path = "________UITests.swift"; sourceTree = "<group>"; };
		4CC8F3B929C0D24000A3E230 /* ________UITestsLaunchTests.swift */ = {isa = PBXFileReference; lastKnownFileType = sourcecode.swift; path = "________UITestsLaunchTests.swift"; sourceTree = "<group>"; };
/* End PBXFileReference section */

/* Begin PBXFrameworksBuildPhase section */
		4CC8F39029C0D23D00A3E230 /* Frameworks */ = {
			isa = PBXFrameworksBuildPhase;
			buildActionMask = 2147483647;
			files = (
			);
			runOnlyForDeploymentPostprocessing = 0;
		};
		4CC8F3A629C0D24000A3E230 /* Frameworks */ = {
			isa = PBXFrameworksBuildPhase;
			buildActionMask = 2147483647;
			files = (
			);
			runOnlyForDeploymentPostprocessing = 0;
		};
		4CC8F3B029C0D24000A3E230 /* Frameworks */ = {
			isa = PBXFrameworksBuildPhase;
			buildActionMask = 2147483647;
			files = (
			);
			runOnlyForDeploymentPostprocessing = 0;
		};
/* End PBXFrameworksBuildPhase section */

/* Begin PBXGroup section */
		4CC8F38A29C0D23D00A3E230 = {
			isa = PBXGroup;
			children = (
				4CC8F39529C0D23D00A3E230 /* 2 кнопки */,
				4CC8F3AC29C0D24000A3E230 /* 2 кнопкиTests */,
				4CC8F3B629C0D24000A3E230 /* 2 кнопкиUITests */,
				4CC8F39429C0D23D00A3E230 /* Products */,
			);
			sourceTree = "<group>";
		};
		4CC8F39429C0D23D00A3E230 /* Products */ = {
			isa = PBXGroup;
			children = (
				4CC8F39329C0D23D00A3E230 /* 2 кнопки.app */,
				4CC8F3A929C0D24000A3E230 /* 2 кнопкиTests.xctest */,
				4CC8F3B329C0D24000A3E230 /* 2 кнопкиUITests.xctest */,
			);
			name = Products;
			sourceTree = "<group>";
		};
		4CC8F39529C0D23D00A3E230 /* 2 кнопки */ = {
			isa = PBXGroup;
			children = (
				4CC8F39629C0D23D00A3E230 /* AppDelegate.swift */,
				4CC8F39829C0D23D00A3E230 /* SceneDelegate.swift */,
				4CC8F39A29C0D23D00A3E230 /* ViewController.swift */,
				4CC8F39C29C0D23D00A3E230 /* Main.storyboard */,
				4CC8F39F29C0D24000A3E230 /* Assets.xcassets */,
				4CC8F3A129C0D24000A3E230 /* LaunchScreen.storyboard */,
				4CC8F3A429C0D24000A3E230 /* Info.plist */,
			);
			path = "2 кнопки";
			sourceTree = "<group>";
		};
		4CC8F3AC29C0D24000A3E230 /* 2 кнопкиTests */ = {
			isa = PBXGroup;
			children = (
				4CC8F3AD29C0D24000A3E230 /* ________Tests.swift */,
			);
			path = "2 кнопкиTests";
			sourceTree = "<group>";
		};
		4CC8F3B629C0D24000A3E230 /* 2 кнопкиUITests */ = {
			isa = PBXGroup;
			children = (
				4CC8F3B729C0D24000A3E230 /* ________UITests.swift */,
				4CC8F3B929C0D24000A3E230 /* ________UITestsLaunchTests.swift */,
			);
			path = "2 кнопкиUITests";
			sourceTree = "<group>";
		};
/* End PBXGroup section */

/* Begin PBXNativeTarget section */
		4CC8F39229C0D23D00A3E230 /* 2 кнопки */ = {
			isa = PBXNativeTarget;
			buildConfigurationList = 4CC8F3BD29C0D24000A3E230 /* Build configuration list for PBXNativeTarget "2 кнопки" */;
			buildPhases = (
				4CC8F38F29C0D23D00A3E230 /* Sources */,
				4CC8F39029C0D23D00A3E230 /* Frameworks */,
				4CC8F39129C0D23D00A3E230 /* Resources */,
			);
			buildRules = (
			);
			dependencies = (
			);
			name = "2 кнопки";
			productName = "2 кнопки";
			productReference = 4CC8F39329C0D23D00A3E230 /* 2 кнопки.app */;
			productType = "com.apple.product-type.application";
		};
		4CC8F3A829C0D24000A3E230 /* 2 кнопкиTests */ = {
			isa = PBXNativeTarget;
			buildConfigurationList = 4CC8F3C029C0D24000A3E230 /* Build configuration list for PBXNativeTarget "2 кнопкиTests" */;
			buildPhases = (
				4CC8F3A529C0D24000A3E230 /* Sources */,
				4CC8F3A629C0D24000A3E230 /* Frameworks */,
				4CC8F3A729C0D24000A3E230 /* Resources */,
			);
			buildRules = (
			);
			dependencies = (
				4CC8F3AB29C0D24000A3E230 /* PBXTargetDependency */,
			);
			name = "2 кнопкиTests";
			productName = "2 кнопкиTests";
			productReference = 4CC8F3A929C0D24000A3E230 /* 2 кнопкиTests.xctest */;
			productType = "com.apple.product-type.bundle.unit-test";
		};
		4CC8F3B229C0D24000A3E230 /* 2 кнопкиUITests */ = {
			isa = PBXNativeTarget;
			buildConfigurationList = 4CC8F3C329C0D24000A3E230 /* Build configuration list for PBXNativeTarget "2 кнопкиUITests" */;
			buildPhases = (
				4CC8F3AF29C0D24000A3E230 /* Sources */,
				4CC8F3B029C0D24000A3E230 /* Frameworks */,
				4CC8F3B129C0D24000A3E230 /* Resources */,
			);
			buildRules = (
			);
			dependencies = (
				4CC8F3B529C0D24000A3E230 /* PBXTargetDependency */,
			);
			name = "2 кнопкиUITests";
			productName = "2 кнопкиUITests";
			productReference = 4CC8F3B329C0D24000A3E230 /* 2 кнопкиUITests.xctest */;
			productType = "com.apple.product-type.bundle.ui-testing";
		};
/* End PBXNativeTarget section */

/* Begin PBXProject section */
		4CC8F38B29C0D23D00A3E230 /* Project object */ = {
			isa = PBXProject;
			attributes = {
				BuildIndependentTargetsInParallel = 1;
				LastSwiftUpdateCheck = 1420;
				LastUpgradeCheck = 1420;
				TargetAttributes = {
					4CC8F39229C0D23D00A3E230 = {
						CreatedOnToolsVersion = 14.2;
					};
					4CC8F3A829C0D24000A3E230 = {
						CreatedOnToolsVersion = 14.2;
						TestTargetID = 4CC8F39229C0D23D00A3E230;
					};
					4CC8F3B229C0D24000A3E230 = {
						CreatedOnToolsVersion = 14.2;
						TestTargetID = 4CC8F39229C0D23D00A3E230;
					};
				};
			};
			buildConfigurationList = 4CC8F38E29C0D23D00A3E230 /* Build configuration list for PBXProject "2 кнопки" */;
			compatibilityVersion = "Xcode 14.0";
			developmentRegion = en;
			hasScannedForEncodings = 0;
			knownRegions = (
				en,
				Base,
			);
			mainGroup = 4CC8F38A29C0D23D00A3E230;
			productRefGroup = 4CC8F39429C0D23D00A3E230 /* Products */;
			projectDirPath = "";
			projectRoot = "";
			targets = (
				4CC8F39229C0D23D00A3E230 /* 2 кнопки */,
				4CC8F3A829C0D24000A3E230 /* 2 кнопкиTests */,
				4CC8F3B229C0D24000A3E230 /* 2 кнопкиUITests */,
			);
		};
/* End PBXProject section */

/* Begin PBXResourcesBuildPhase section */
		4CC8F39129C0D23D00A3E230 /* Resources */ = {
			isa = PBXResourcesBuildPhase;
			buildActionMask = 2147483647;
			files = (
				4CC8F3A329C0D24000A3E230 /* LaunchScreen.storyboard in Resources */,
				4CC8F3A029C0D24000A3E230 /* Assets.xcassets in Resources */,
				4CC8F39E29C0D23D00A3E230 /* Main.storyboard in Resources */,
			);
			runOnlyForDeploymentPostprocessing = 0;
		};
		4CC8F3A729C0D24000A3E230 /* Resources */ = {
			isa = PBXResourcesBuildPhase;
			buildActionMask = 2147483647;
			files = (
			);
			runOnlyForDeploymentPostprocessing = 0;
		};
		4CC8F3B129C0D24000A3E230 /* Resources */ = {
			isa = PBXResourcesBuildPhase;
			buildActionMask = 2147483647;
			files = (
			);
			runOnlyForDeploymentPostprocessing = 0;
		};
/* End PBXResourcesBuildPhase section */

/* Begin PBXSourcesBuildPhase section */
		4CC8F38F29C0D23D00A3E230 /* Sources */ = {
			isa = PBXSourcesBuildPhase;
			buildActionMask = 2147483647;
			files = (
				4CC8F39B29C0D23D00A3E230 /* ViewController.swift in Sources */,
				4CC8F39729C0D23D00A3E230 /* AppDelegate.swift in Sources */,
				4CC8F39929C0D23D00A3E230 /* SceneDelegate.swift in Sources */,
			);
			runOnlyForDeploymentPostprocessing = 0;
		};
		4CC8F3A529C0D24000A3E230 /* Sources */ = {
			isa = PBXSourcesBuildPhase;
			buildActionMask = 2147483647;
			files = (
				4CC8F3AE29C0D24000A3E230 /* ________Tests.swift in Sources */,
			);
			runOnlyForDeploymentPostprocessing = 0;
		};
		4CC8F3AF29C0D24000A3E230 /* Sources */ = {
			isa = PBXSourcesBuildPhase;
			buildActionMask = 2147483647;
			files = (
				4CC8F3BA29C0D24000A3E230 /* ________UITestsLaunchTests.swift in Sources */,
				4CC8F3B829C0D24000A3E230 /* ________UITests.swift in Sources */,
			);
			runOnlyForDeploymentPostprocessing = 0;
		};
/* End PBXSourcesBuildPhase section */

/* Begin PBXTargetDependency section */
		4CC8F3AB29C0D24000A3E230 /* PBXTargetDependency */ = {
			isa = PBXTargetDependency;
			target = 4CC8F39229C0D23D00A3E230 /* 2 кнопки */;
			targetProxy = 4CC8F3AA29C0D24000A3E230 /* PBXContainerItemProxy */;
		};
		4CC8F3B529C0D24000A3E230 /* PBXTargetDependency */ = {
			isa = PBXTargetDependency;
			target = 4CC8F39229C0D23D00A3E230 /* 2 кнопки */;
			targetProxy = 4CC8F3B429C0D24000A3E230 /* PBXContainerItemProxy */;
		};
/* End PBXTargetDependency section */

/* Begin PBXVariantGroup section */
		4CC8F39C29C0D23D00A3E230 /* Main.storyboard */ = {
			isa = PBXVariantGroup;
			children = (
				4CC8F39D29C0D23D00A3E230 /* Base */,
			);
			name = Main.storyboard;
			sourceTree = "<group>";
		};
		4CC8F3A129C0D24000A3E230 /* LaunchScreen.storyboard */ = {
			isa = PBXVariantGroup;
			children = (
				4CC8F3A229C0D24000A3E230 /* Base */,
			);
			name = LaunchScreen.storyboard;
			sourceTree = "<group>";
		};
/* End PBXVariantGroup section */

/* Begin XCBuildConfiguration section */
		4CC8F3BB29C0D24000A3E230 /* Debug */ = {
			isa = XCBuildConfiguration;
			buildSettings = {
				ALWAYS_SEARCH_USER_PATHS = NO;
				CLANG_ANALYZER_NONNULL = YES;
				CLANG_ANALYZER_NUMBER_OBJECT_CONVERSION = YES_AGGRESSIVE;
				CLANG_CXX_LANGUAGE_STANDARD = "gnu++20";
				CLANG_ENABLE_MODULES = YES;
				CLANG_ENABLE_OBJC_ARC = YES;
				CLANG_ENABLE_OBJC_WEAK = YES;
				CLANG_WARN_BLOCK_CAPTURE_AUTORELEASING = YES;
				CLANG_WARN_BOOL_CONVERSION = YES;
				CLANG_WARN_COMMA = YES;
				CLANG_WARN_CONSTANT_CONVERSION = YES;
				CLANG_WARN_DEPRECATED_OBJC_IMPLEMENTATIONS = YES;
				CLANG_WARN_DIRECT_OBJC_ISA_USAGE = YES_ERROR;
				CLANG_WARN_DOCUMENTATION_COMMENTS = YES;
				CLANG_WARN_EMPTY_BODY = YES;
				CLANG_WARN_ENUM_CONVERSION = YES;
				CLANG_WARN_INFINITE_RECURSION = YES;
				CLANG_WARN_INT_CONVERSION = YES;
				CLANG_WARN_NON_LITERAL_NULL_CONVERSION = YES;
				CLANG_WARN_OBJC_IMPLICIT_RETAIN_SELF = YES;
				CLANG_WARN_OBJC_LITERAL_CONVERSION = YES;
				CLANG_WARN_OBJC_ROOT_CLASS = YES_ERROR;
				CLANG_WARN_QUOTED_INCLUDE_IN_FRAMEWORK_HEADER = YES;
				CLANG_WARN_RANGE_LOOP_ANALYSIS = YES;
				CLANG_WARN_STRICT_PROTOTYPES = YES;
				CLANG_WARN_SUSPICIOUS_MOVE = YES;
				CLANG_WARN_UNGUARDED_AVAILABILITY = YES_AGGRESSIVE;
				CLANG_WARN_UNREACHABLE_CODE = YES;
				CLANG_WARN__DUPLICATE_METHOD_MATCH = YES;
				COPY_PHASE_STRIP = NO;
				DEBUG_INFORMATION_FORMAT = dwarf;
				ENABLE_STRICT_OBJC_MSGSEND = YES;
				ENABLE_TESTABILITY = YES;
				GCC_C_LANGUAGE_STANDARD = gnu11;
				GCC_DYNAMIC_NO_PIC = NO;
				GCC_NO_COMMON_BLOCKS = YES;
				GCC_OPTIMIZATION_LEVEL = 0;
				GCC_PREPROCESSOR_DEFINITIONS = (
					"DEBUG=1",
					"$(inherited)",
				);
				GCC_WARN_64_TO_32_BIT_CONVERSION = YES;
				GCC_WARN_ABOUT_RETURN_TYPE = YES_ERROR;
				GCC_WARN_UNDECLARED_SELECTOR = YES;
				GCC_WARN_UNINITIALIZED_AUTOS = YES_AGGRESSIVE;
				GCC_WARN_UNUSED_FUNCTION = YES;
				GCC_WARN_UNUSED_VARIABLE = YES;
				IPHONEOS_DEPLOYMENT_TARGET = 16.2;
				MTL_ENABLE_DEBUG_INFO = INCLUDE_SOURCE;
				MTL_FAST_MATH = YES;
				ONLY_ACTIVE_ARCH = YES;
				SDKROOT = iphoneos;
				SWIFT_ACTIVE_COMPILATION_CONDITIONS = DEBUG;
				SWIFT_OPTIMIZATION_LEVEL = "-Onone";
			};
			name = Debug;
		};
		4CC8F3BC29C0D24000A3E230 /* Release */ = {
			isa = XCBuildConfiguration;
			buildSettings = {
				ALWAYS_SEARCH_USER_PATHS = NO;
				CLANG_ANALYZER_NONNULL = YES;
				CLANG_ANALYZER_NUMBER_OBJECT_CONVERSION = YES_AGGRESSIVE;
				CLANG_CXX_LANGUAGE_STANDARD = "gnu++20";
				CLANG_ENABLE_MODULES = YES;
				CLANG_ENABLE_OBJC_ARC = YES;
				CLANG_ENABLE_OBJC_WEAK = YES;
				CLANG_WARN_BLOCK_CAPTURE_AUTORELEASING = YES;
				CLANG_WARN_BOOL_CONVERSION = YES;
				CLANG_WARN_COMMA = YES;
				CLANG_WARN_CONSTANT_CONVERSION = YES;
				CLANG_WARN_DEPRECATED_OBJC_IMPLEMENTATIONS = YES;
				CLANG_WARN_DIRECT_OBJC_ISA_USAGE = YES_ERROR;
				CLANG_WARN_DOCUMENTATION_COMMENTS = YES;
				CLANG_WARN_EMPTY_BODY = YES;
				CLANG_WARN_ENUM_CONVERSION = YES;
				CLANG_WARN_INFINITE_RECURSION = YES;
				CLANG_WARN_INT_CONVERSION = YES;
				CLANG_WARN_NON_LITERAL_NULL_CONVERSION = YES;
				CLANG_WARN_OBJC_IMPLICIT_RETAIN_SELF = YES;
				CLANG_WARN_OBJC_LITERAL_CONVERSION = YES;
				CLANG_WARN_OBJC_ROOT_CLASS = YES_ERROR;
				CLANG_WARN_QUOTED_INCLUDE_IN_FRAMEWORK_HEADER = YES;
				CLANG_WARN_RANGE_LOOP_ANALYSIS = YES;
				CLANG_WARN_STRICT_PROTOTYPES = YES;
				CLANG_WARN_SUSPICIOUS_MOVE = YES;
				CLANG_WARN_UNGUARDED_AVAILABILITY = YES_AGGRESSIVE;
				CLANG_WARN_UNREACHABLE_CODE = YES;
				CLANG_WARN__DUPLICATE_METHOD_MATCH = YES;
				COPY_PHASE_STRIP = NO;
				DEBUG_INFORMATION_FORMAT = "dwarf-with-dsym";
				ENABLE_NS_ASSERTIONS = NO;
				ENABLE_STRICT_OBJC_MSGSEND = YES;
				GCC_C_LANGUAGE_STANDARD = gnu11;
				GCC_NO_COMMON_BLOCKS = YES;
				GCC_WARN_64_TO_32_BIT_CONVERSION = YES;
				GCC_WARN_ABOUT_RETURN_TYPE = YES_ERROR;
				GCC_WARN_UNDECLARED_SELECTOR = YES;
				GCC_WARN_UNINITIALIZED_AUTOS = YES_AGGRESSIVE;
				GCC_WARN_UNUSED_FUNCTION = YES;
				GCC_WARN_UNUSED_VARIABLE = YES;
				IPHONEOS_DEPLOYMENT_TARGET = 16.2;
				MTL_ENABLE_DEBUG_INFO = NO;
				MTL_FAST_MATH = YES;
				SDKROOT = iphoneos;
				SWIFT_COMPILATION_MODE = wholemodule;
				SWIFT_OPTIMIZATION_LEVEL = "-O";
				VALIDATE_PRODUCT = YES;
			};
			name = Release;
		};
		4CC8F3BE29C0D24000A3E230 /* Debug */ = {
			isa = XCBuildConfiguration;
			buildSettings = {
				ASSETCATALOG_COMPILER_APPICON_NAME = AppIcon;
				ASSETCATALOG_COMPILER_GLOBAL_ACCENT_COLOR_NAME = AccentColor;
				CODE_SIGN_STYLE = Automatic;
				CURRENT_PROJECT_VERSION = 1;
				DEVELOPMENT_TEAM = H2AXHRTMVM;
				GENERATE_INFOPLIST_FILE = YES;
				INFOPLIST_FILE = "2 кнопки/Info.plist";
				INFOPLIST_KEY_UIApplicationSupportsIndirectInputEvents = YES;
				INFOPLIST_KEY_UILaunchStoryboardName = LaunchScreen;
				INFOPLIST_KEY_UIMainStoryboardFile = Main;
				INFOPLIST_KEY_UISupportedInterfaceOrientations_iPad = "UIInterfaceOrientationPortrait UIInterfaceOrientationPortraitUpsideDown UIInterfaceOrientationLandscapeLeft UIInterfaceOrientationLandscapeRight";
				INFOPLIST_KEY_UISupportedInterfaceOrientations_iPhone = "UIInterfaceOrientationPortrait UIInterfaceOrientationLandscapeLeft UIInterfaceOrientationLandscapeRight";
				LD_RUNPATH_SEARCH_PATHS = (
					"$(inherited)",
					"@executable_path/Frameworks",
				);
				MARKETING_VERSION = 1.0;
				PRODUCT_BUNDLE_IDENTIFIER = "VI.--------";
				PRODUCT_NAME = "$(TARGET_NAME)";
				SUPPORTED_PLATFORMS = "iphoneos iphonesimulator";
				SUPPORTS_MACCATALYST = NO;
				SUPPORTS_MAC_DESIGNED_FOR_IPHONE_IPAD = NO;
				SWIFT_EMIT_LOC_STRINGS = YES;
				SWIFT_VERSION = 5.0;
				TARGETED_DEVICE_FAMILY = 1;
			};
			name = Debug;
		};
		4CC8F3BF29C0D24000A3E230 /* Release */ = {
			isa = XCBuildConfiguration;
			buildSettings = {
				ASSETCATALOG_COMPILER_APPICON_NAME = AppIcon;
				ASSETCATALOG_COMPILER_GLOBAL_ACCENT_COLOR_NAME = AccentColor;
				CODE_SIGN_STYLE = Automatic;
				CURRENT_PROJECT_VERSION = 1;
				DEVELOPMENT_TEAM = H2AXHRTMVM;
				GENERATE_INFOPLIST_FILE = YES;
				INFOPLIST_FILE = "2 кнопки/Info.plist";
				INFOPLIST_KEY_UIApplicationSupportsIndirectInputEvents = YES;
				INFOPLIST_KEY_UILaunchStoryboardName = LaunchScreen;
				INFOPLIST_KEY_UIMainStoryboardFile = Main;
				INFOPLIST_KEY_UISupportedInterfaceOrientations_iPad = "UIInterfaceOrientationPortrait UIInterfaceOrientationPortraitUpsideDown UIInterfaceOrientationLandscapeLeft UIInterfaceOrientationLandscapeRight";
				INFOPLIST_KEY_UISupportedInterfaceOrientations_iPhone = "UIInterfaceOrientationPortrait UIInterfaceOrientationLandscapeLeft UIInterfaceOrientationLandscapeRight";
				LD_RUNPATH_SEARCH_PATHS = (
					"$(inherited)",
					"@executable_path/Frameworks",
				);
				MARKETING_VERSION = 1.0;
				PRODUCT_BUNDLE_IDENTIFIER = "VI.--------";
				PRODUCT_NAME = "$(TARGET_NAME)";
				SUPPORTED_PLATFORMS = "iphoneos iphonesimulator";
				SUPPORTS_MACCATALYST = NO;
				SUPPORTS_MAC_DESIGNED_FOR_IPHONE_IPAD = NO;
				SWIFT_EMIT_LOC_STRINGS = YES;
				SWIFT_VERSION = 5.0;
				TARGETED_DEVICE_FAMILY = 1;
			};
			name = Release;
		};
		4CC8F3C129C0D24000A3E230 /* Debug */ = {
			isa = XCBuildConfiguration;
			buildSettings = {
				ALWAYS_EMBED_SWIFT_STANDARD_LIBRARIES = YES;
				BUNDLE_LOADER = "$(TEST_HOST)";
				CODE_SIGN_STYLE = Automatic;
				CURRENT_PROJECT_VERSION = 1;
				DEVELOPMENT_TEAM = H2AXHRTMVM;
				GENERATE_INFOPLIST_FILE = YES;
				IPHONEOS_DEPLOYMENT_TARGET = 16.2;
				MARKETING_VERSION = 1.0;
				PRODUCT_BUNDLE_IDENTIFIER = "VI.--------Tests";
				PRODUCT_NAME = "$(TARGET_NAME)";
				SWIFT_EMIT_LOC_STRINGS = NO;
				SWIFT_VERSION = 5.0;
				TARGETED_DEVICE_FAMILY = "1,2";
				TEST_HOST = "$(BUILT_PRODUCTS_DIR)/2 кнопки.app/$(BUNDLE_EXECUTABLE_FOLDER_PATH)/2 кнопки";
			};
			name = Debug;
		};
		4CC8F3C229C0D24000A3E230 /* Release */ = {
			isa = XCBuildConfiguration;
			buildSettings = {
				ALWAYS_EMBED_SWIFT_STANDARD_LIBRARIES = YES;
				BUNDLE_LOADER = "$(TEST_HOST)";
				CODE_SIGN_STYLE = Automatic;
				CURRENT_PROJECT_VERSION = 1;
				DEVELOPMENT_TEAM = H2AXHRTMVM;
				GENERATE_INFOPLIST_FILE = YES;
				IPHONEOS_DEPLOYMENT_TARGET = 16.2;
				MARKETING_VERSION = 1.0;
				PRODUCT_BUNDLE_IDENTIFIER = "VI.--------Tests";
				PRODUCT_NAME = "$(TARGET_NAME)";
				SWIFT_EMIT_LOC_STRINGS = NO;
				SWIFT_VERSION = 5.0;
				TARGETED_DEVICE_FAMILY = "1,2";
				TEST_HOST = "$(BUILT_PRODUCTS_DIR)/2 кнопки.app/$(BUNDLE_EXECUTABLE_FOLDER_PATH)/2 кнопки";
			};
			name = Release;
		};
		4CC8F3C429C0D24000A3E230 /* Debug */ = {
			isa = XCBuildConfiguration;
			buildSettings = {
				ALWAYS_EMBED_SWIFT_STANDARD_LIBRARIES = YES;
				CODE_SIGN_STYLE = Automatic;
				CURRENT_PROJECT_VERSION = 1;
				DEVELOPMENT_TEAM = H2AXHRTMVM;
				GENERATE_INFOPLIST_FILE = YES;
				MARKETING_VERSION = 1.0;
				PRODUCT_BUNDLE_IDENTIFIER = "VI.--------UITests";
				PRODUCT_NAME = "$(TARGET_NAME)";
				SWIFT_EMIT_LOC_STRINGS = NO;
				SWIFT_VERSION = 5.0;
				TARGETED_DEVICE_FAMILY = "1,2";
				TEST_TARGET_NAME = "2 кнопки";
			};
			name = Debug;
		};
		4CC8F3C529C0D24000A3E230 /* Release */ = {
			isa = XCBuildConfiguration;
			buildSettings = {
				ALWAYS_EMBED_SWIFT_STANDARD_LIBRARIES = YES;
				CODE_SIGN_STYLE = Automatic;
				CURRENT_PROJECT_VERSION = 1;
				DEVELOPMENT_TEAM = H2AXHRTMVM;
				GENERATE_INFOPLIST_FILE = YES;
				MARKETING_VERSION = 1.0;
				PRODUCT_BUNDLE_IDENTIFIER = "VI.--------UITests";
				PRODUCT_NAME = "$(TARGET_NAME)";
				SWIFT_EMIT_LOC_STRINGS = NO;
				SWIFT_VERSION = 5.0;
				TARGETED_DEVICE_FAMILY = "1,2";
				TEST_TARGET_NAME = "2 кнопки";
			};
			name = Release;
		};
/* End XCBuildConfiguration section */

/* Begin XCConfigurationList section */
		4CC8F38E29C0D23D00A3E230 /* Build configuration list for PBXProject "2 кнопки" */ = {
			isa = XCConfigurationList;
			buildConfigurations = (
				4CC8F3BB29C0D24000A3E230 /* Debug */,
				4CC8F3BC29C0D24000A3E230 /* Release */,
			);
			defaultConfigurationIsVisible = 0;
			defaultConfigurationName = Release;
		};
		4CC8F3BD29C0D24000A3E230 /* Build configuration list for PBXNativeTarget "2 кнопки" */ = {
			isa = XCConfigurationList;
			buildConfigurations = (
				4CC8F3BE29C0D24000A3E230 /* Debug */,
				4CC8F3BF29C0D24000A3E230 /* Release */,
			);
			defaultConfigurationIsVisible = 0;
			defaultConfigurationName = Release;
		};
		4CC8F3C029C0D24000A3E230 /* Build configuration list for PBXNativeTarget "2 кнопкиTests" */ = {
			isa = XCConfigurationList;
			buildConfigurations = (
				4CC8F3C129C0D24000A3E230 /* Debug */,
				4CC8F3C229C0D24000A3E230 /* Release */,
			);
			defaultConfigurationIsVisible = 0;
			defaultConfigurationName = Release;
		};
		4CC8F3C329C0D24000A3E230 /* Build configuration list for PBXNativeTarget "2 кнопкиUITests" */ = {
			isa = XCConfigurationList;
			buildConfigurations = (
				4CC8F3C429C0D24000A3E230 /* Debug */,
				4CC8F3C529C0D24000A3E230 /* Release */,
			);
			defaultConfigurationIsVisible = 0;
			defaultConfigurationName = Release;
		};
/* End XCConfigurationList section */
	};
	rootObject = 4CC8F38B29C0D23D00A3E230 /* Project object */;
}
